
Microsoft Visual Studio Solution File, Format Version 12.00
# Visual Studio Version 17
VisualStudioVersion = 17.14.36301.6 d17.14
MinimumVisualStudioVersion = 10.0.40219.1
Project("{FAE04EC0-301F-11D3-BF4B-00C04F79EFBC}") = "college_of_health_sciences", "college_of_health_sciences.csproj", "{06B26E33-D13F-4A50-8967-99D9ACBF97F3}"
EndProject
Global
	GlobalSection(SolutionConfigurationPlatforms) = preSolution
		Debug|Any CPU = Debug|Any CPU
		Release|Any CPU = Release|Any CPU
	EndGlobalSection
	GlobalSection(ProjectConfigurationPlatforms) = postSolution
		{06B26E33-D13F-4A50-8967-99D9ACBF97F3}.Debug|Any CPU.ActiveCfg = Debug|Any CPU
		{06B26E33-D13F-4A50-8967-99D9ACBF97F3}.Debug|Any CPU.Build.0 = Debug|Any CPU
		{06B26E33-D13F-4A50-8967-99D9ACBF97F3}.Release|Any CPU.ActiveCfg = Release|Any CPU
		{06B26E33-D13F-4A50-8967-99D9ACBF97F3}.Release|Any CPU.Build.0 = Release|Any CPU
	EndGlobalSection
	GlobalSection(SolutionProperties) = preSolution
		HideSolutionNode = FALSE
	EndGlobalSection
	GlobalSection(ExtensibilityGlobals) = postSolution
		SolutionGuid = {AB6E61FE-D51F-4F3E-B827-402248D5872F}
	EndGlobalSection
EndGlobal
